{
  "version": 4,
  "terraform_version": "1.0.7",
  "serial": 281,
  "lineage": "f547a151-8a6d-49fd-64df-8384edc5c029",
  "outputs": {
    "CodeCommit": {
      "value": "https://git-codecommit.eu-west-1.amazonaws.com/v1/repos/TelemetryApp",
      "type": "string"
    },
    "OutPutECR": {
      "value": "553449525156.dkr.ecr.eu-west-1.amazonaws.com/telemetryapp",
      "type": "string"
    }
  },
  "resources": [
    {
      "mode": "managed",
      "type": "aws_cloudwatch_log_group",
      "name": "ECS_Telemetry_Logging",
      "provider": "provider[\"registry.terraform.io/hashicorp/aws\"]",
      "instances": [
        {
          "schema_version": 0,
          "attributes": {
            "arn": "arn:aws:logs:eu-west-1:553449525156:log-group:example",
            "id": "example",
            "kms_key_id": "",
            "name": "example",
            "name_prefix": null,
            "retention_in_days": 0,
            "tags": {},
            "tags_all": {}
          },
          "sensitive_attributes": [],
          "private": "bnVsbA=="
        }
      ]
    },
    {
      "mode": "managed",
      "type": "aws_codebuild_project",
      "name": "Telemetry-CB-Project",
      "provider": "provider[\"registry.terraform.io/hashicorp/aws\"]",
      "instances": [
        {
          "schema_version": 0,
          "attributes": {
            "arn": "arn:aws:codebuild:eu-west-1:553449525156:project/Telemetry-CB-Project",
            "artifacts": [
              {
                "artifact_identifier": "",
                "encryption_disabled": false,
                "location": "",
                "name": "Telemetry-CB-Project",
                "namespace_type": "",
                "override_artifact_name": false,
                "packaging": "NONE",
                "path": "",
                "type": "CODEPIPELINE"
              }
            ],
            "badge_enabled": false,
            "badge_url": "",
            "build_batch_config": [],
            "build_timeout": 5,
            "cache": [
              {
                "location": "",
                "modes": [],
                "type": "NO_CACHE"
              }
            ],
            "concurrent_build_limit": 0,
            "description": "test_codebuild_project",
            "encryption_key": "arn:aws:kms:eu-west-1:553449525156:alias/aws/s3",
            "environment": [
              {
                "certificate": "",
                "compute_type": "BUILD_GENERAL1_SMALL",
                "environment_variable": [],
                "image": "aws/codebuild/standard:3.0",
                "image_pull_credentials_type": "CODEBUILD",
                "privileged_mode": true,
                "registry_credential": [],
                "type": "LINUX_CONTAINER"
              }
            ],
            "file_system_locations": [],
            "id": "arn:aws:codebuild:eu-west-1:553449525156:project/Telemetry-CB-Project",
            "logs_config": [
              {
                "cloudwatch_logs": [
                  {
                    "group_name": "CB-Telemetry-log-group",
                    "status": "ENABLED",
                    "stream_name": "CB-Telemetry-log-stream"
                  }
                ],
                "s3_logs": [
                  {
                    "encryption_disabled": false,
                    "location": "",
                    "status": "DISABLED"
                  }
                ]
              }
            ],
            "name": "Telemetry-CB-Project",
            "queued_timeout": 480,
            "secondary_artifacts": [],
            "secondary_sources": [],
            "service_role": "arn:aws:iam::553449525156:role/CodeBuild-Telemetry-Role-2",
            "source": [
              {
                "auth": [],
                "build_status_config": [],
                "buildspec": "version: 0.2\n\nphases:\n  pre_build:\n    commands:\n      - echo Logging in to Amazon ECR.\n      - aws ecr get-login-password --region eu-west-1 | docker login --username AWS --password-stdin 553449525156.dkr.ecr.eu-west-1.amazonaws.com/telemetryapp\n  build:\n    commands:\n      - echo Build started on `date`\n      - echo Building the Docker image...          \n      - docker build -t telemetry1 .\n      - docker tag telemetry1:latest 553449525156.dkr.ecr.eu-west-1.amazonaws.com/telemetryapp:latest\n      - echo Build was successful!      \n  post_build:\n    commands:\n      - echo Build completed on `date`\n      - echo Pushing the Docker image...\n      - docker push 553449525156.dkr.ecr.eu-west-1.amazonaws.com/telemetryapp:latest\n      - printf '[{\"name\":\"TelemetryApp\",\"imageUri\":\"553449525156.dkr.ecr.eu-west-1.amazonaws.com/telemetryapp:latest\"}]' \u003e imagedefinitions.json\nartifacts:\n  files:\n    - imagedefinitions.json\n\n  ",
                "git_clone_depth": 0,
                "git_submodules_config": [],
                "insecure_ssl": false,
                "location": "",
                "report_build_status": false,
                "type": "CODEPIPELINE"
              }
            ],
            "source_version": "",
            "tags": {},
            "tags_all": {},
            "vpc_config": []
          },
          "sensitive_attributes": [],
          "private": "bnVsbA==",
          "dependencies": [
            "aws_ecr_repository.TelemetryAppECRRepo",
            "aws_iam_role.CodeBuild-Telemetry-Role-2"
          ]
        }
      ]
    },
    {
      "mode": "managed",
      "type": "aws_codecommit_repository",
      "name": "TelemetryApp-CC-Repo",
      "provider": "provider[\"registry.terraform.io/hashicorp/aws\"]",
      "instances": [
        {
          "schema_version": 0,
          "attributes": {
            "arn": "arn:aws:codecommit:eu-west-1:553449525156:TelemetryApp",
            "clone_url_http": "https://git-codecommit.eu-west-1.amazonaws.com/v1/repos/TelemetryApp",
            "clone_url_ssh": "ssh://git-codecommit.eu-west-1.amazonaws.com/v1/repos/TelemetryApp",
            "default_branch": "main",
            "description": "Repository to upload Alaa's Telemetry App To",
            "id": "TelemetryApp",
            "repository_id": "e4eb07b7-31c9-41e2-b59a-fa48b6a8d5ab",
            "repository_name": "TelemetryApp",
            "tags": {},
            "tags_all": {}
          },
          "sensitive_attributes": [],
          "private": "bnVsbA=="
        }
      ]
    },
    {
      "mode": "managed",
      "type": "aws_codepipeline",
      "name": "codepipeline-telemetryapp",
      "provider": "provider[\"registry.terraform.io/hashicorp/aws\"]",
      "instances": [
        {
          "schema_version": 0,
          "attributes": {
            "arn": "arn:aws:codepipeline:eu-west-1:553449525156:codepipeline-telemetryapp",
            "artifact_store": [
              {
                "encryption_key": [],
                "location": "telemetry-bucket-alaa",
                "region": "",
                "type": "S3"
              }
            ],
            "id": "codepipeline-telemetryapp",
            "name": "codepipeline-telemetryapp",
            "role_arn": "arn:aws:iam::553449525156:role/test-role",
            "stage": [
              {
                "action": [
                  {
                    "category": "Source",
                    "configuration": {
                      "BranchName": "main",
                      "RepositoryName": "TelemetryApp"
                    },
                    "input_artifacts": [],
                    "name": "Source",
                    "namespace": "",
                    "output_artifacts": [
                      "source_output"
                    ],
                    "owner": "AWS",
                    "provider": "CodeCommit",
                    "region": "",
                    "role_arn": "",
                    "run_order": 1,
                    "version": "1"
                  }
                ],
                "name": "Source"
              },
              {
                "action": [
                  {
                    "category": "Build",
                    "configuration": {
                      "ProjectName": "Telemetry-CB-Project"
                    },
                    "input_artifacts": [
                      "source_output"
                    ],
                    "name": "Build",
                    "namespace": "",
                    "output_artifacts": [
                      "build_output"
                    ],
                    "owner": "AWS",
                    "provider": "CodeBuild",
                    "region": "",
                    "role_arn": "",
                    "run_order": 1,
                    "version": "1"
                  }
                ],
                "name": "Build"
              },
              {
                "action": [
                  {
                    "category": "Deploy",
                    "configuration": {
                      "ClusterName": "Telemetry_Cluster",
                      "ServiceName": "TelemetryECSService"
                    },
                    "input_artifacts": [
                      "build_output"
                    ],
                    "name": "Deploy",
                    "namespace": "",
                    "output_artifacts": [],
                    "owner": "AWS",
                    "provider": "ECS",
                    "region": "",
                    "role_arn": "",
                    "run_order": 1,
                    "version": "1"
                  }
                ],
                "name": "Deploy"
              }
            ],
            "tags": {},
            "tags_all": {}
          },
          "sensitive_attributes": [],
          "private": "bnVsbA==",
          "dependencies": [
            "aws_ecs_service.TelemetryECSService",
            "aws_s3_bucket.codepipeline_bucket-telemetry",
            "module.vpc.aws_subnet.public",
            "module.vpc.aws_vpc_ipv4_cidr_block_association.this",
            "aws_ecr_repository.TelemetryAppECRRepo",
            "aws_ecs_cluster.Telemetry_Cluster",
            "aws_ecs_task_definition.TaskDefinition-Telemetry",
            "aws_iam_role.codepipeline-telemetryapp-role",
            "aws_cloudwatch_log_group.ECS_Telemetry_Logging",
            "aws_codebuild_project.Telemetry-CB-Project",
            "aws_codecommit_repository.TelemetryApp-CC-Repo",
            "aws_iam_role.CodeBuild-Telemetry-Role-2",
            "aws_iam_role.TaskDefinition-Telemetry-Execution-Role",
            "module.vpc.aws_vpc.this"
          ]
        }
      ]
    },
    {
      "mode": "managed",
      "type": "aws_ecr_repository",
      "name": "TelemetryAppECRRepo",
      "provider": "provider[\"registry.terraform.io/hashicorp/aws\"]",
      "instances": [
        {
          "schema_version": 0,
          "attributes": {
            "arn": "arn:aws:ecr:eu-west-1:553449525156:repository/telemetryapp",
            "encryption_configuration": [
              {
                "encryption_type": "AES256",
                "kms_key": ""
              }
            ],
            "id": "telemetryapp",
            "image_scanning_configuration": [
              {
                "scan_on_push": true
              }
            ],
            "image_tag_mutability": "MUTABLE",
            "name": "telemetryapp",
            "registry_id": "553449525156",
            "repository_url": "553449525156.dkr.ecr.eu-west-1.amazonaws.com/telemetryapp",
            "tags": {},
            "tags_all": {},
            "timeouts": null
          },
          "sensitive_attributes": [],
          "private": "eyJlMmJmYjczMC1lY2FhLTExZTYtOGY4OC0zNDM2M2JjN2M0YzAiOnsiZGVsZXRlIjoxMjAwMDAwMDAwMDAwfX0="
        }
      ]
    },
    {
      "mode": "managed",
      "type": "aws_ecs_cluster",
      "name": "Telemetry_Cluster",
      "provider": "provider[\"registry.terraform.io/hashicorp/aws\"]",
      "instances": [
        {
          "schema_version": 0,
          "attributes": {
            "arn": "arn:aws:ecs:eu-west-1:553449525156:cluster/Telemetry_Cluster",
            "capacity_providers": [],
            "configuration": [
              {
                "execute_command_configuration": [
                  {
                    "kms_key_id": "",
                    "log_configuration": [
                      {
                        "cloud_watch_encryption_enabled": true,
                        "cloud_watch_log_group_name": "example",
                        "s3_bucket_encryption_enabled": false,
                        "s3_bucket_name": "",
                        "s3_key_prefix": ""
                      }
                    ],
                    "logging": "OVERRIDE"
                  }
                ]
              }
            ],
            "default_capacity_provider_strategy": [],
            "id": "arn:aws:ecs:eu-west-1:553449525156:cluster/Telemetry_Cluster",
            "name": "Telemetry_Cluster",
            "setting": [
              {
                "name": "containerInsights",
                "value": "disabled"
              }
            ],
            "tags": {},
            "tags_all": {}
          },
          "sensitive_attributes": [],
          "private": "bnVsbA==",
          "dependencies": [
            "aws_cloudwatch_log_group.ECS_Telemetry_Logging"
          ]
        }
      ]
    },
    {
      "mode": "managed",
      "type": "aws_ecs_service",
      "name": "TelemetryECSService",
      "provider": "provider[\"registry.terraform.io/hashicorp/aws\"]",
      "instances": [
        {
          "schema_version": 0,
          "attributes": {
            "capacity_provider_strategy": [],
            "cluster": "arn:aws:ecs:eu-west-1:553449525156:cluster/Telemetry_Cluster",
            "deployment_circuit_breaker": [
              {
                "enable": false,
                "rollback": false
              }
            ],
            "deployment_controller": [
              {
                "type": "ECS"
              }
            ],
            "deployment_maximum_percent": 200,
            "deployment_minimum_healthy_percent": 100,
            "desired_count": 2,
            "enable_ecs_managed_tags": false,
            "enable_execute_command": false,
            "force_new_deployment": null,
            "health_check_grace_period_seconds": 0,
            "iam_role": "aws-service-role",
            "id": "arn:aws:ecs:eu-west-1:553449525156:service/Telemetry_Cluster/TelemetryECSService",
            "launch_type": "FARGATE",
            "load_balancer": [],
            "name": "TelemetryECSService",
            "network_configuration": [
              {
                "assign_public_ip": true,
                "security_groups": [
                  "sg-0ec3d2dddc10c44e0"
                ],
                "subnets": [
                  "subnet-064d8a3a78d64d06f"
                ]
              }
            ],
            "ordered_placement_strategy": [],
            "placement_constraints": [],
            "platform_version": "LATEST",
            "propagate_tags": "NONE",
            "scheduling_strategy": "REPLICA",
            "service_registries": [],
            "tags": {},
            "tags_all": {},
            "task_definition": "arn:aws:ecs:eu-west-1:553449525156:task-definition/TelemetryTaskDefinition:2",
            "timeouts": null,
            "wait_for_steady_state": false
          },
          "sensitive_attributes": [],
          "private": "eyJlMmJmYjczMC1lY2FhLTExZTYtOGY4OC0zNDM2M2JjN2M0YzAiOnsiZGVsZXRlIjoxMjAwMDAwMDAwMDAwfX0=",
          "dependencies": [
            "aws_iam_role.TaskDefinition-Telemetry-Execution-Role",
            "module.vpc.aws_subnet.public",
            "module.vpc.aws_vpc.this",
            "module.vpc.aws_vpc_ipv4_cidr_block_association.this",
            "aws_cloudwatch_log_group.ECS_Telemetry_Logging",
            "aws_ecr_repository.TelemetryAppECRRepo",
            "aws_ecs_cluster.Telemetry_Cluster",
            "aws_ecs_task_definition.TaskDefinition-Telemetry"
          ]
        }
      ]
    },
    {
      "mode": "managed",
      "type": "aws_ecs_task_definition",
      "name": "TaskDefinition-Telemetry",
      "provider": "provider[\"registry.terraform.io/hashicorp/aws\"]",
      "instances": [
        {
          "schema_version": 1,
          "attributes": {
            "arn": "arn:aws:ecs:eu-west-1:553449525156:task-definition/TelemetryTaskDefinition:2",
            "container_definitions": "[{\"cpu\":256,\"environment\":[],\"essential\":true,\"image\":\"553449525156.dkr.ecr.eu-west-1.amazonaws.com/telemetryapp:latest\",\"memory\":512,\"mountPoints\":[],\"name\":\"TelemetryApp\",\"portMappings\":[{\"containerPort\":80,\"hostPort\":80,\"protocol\":\"tcp\"}],\"volumesFrom\":[]}]",
            "cpu": "256",
            "ephemeral_storage": [],
            "execution_role_arn": "arn:aws:iam::553449525156:role/CodeBuild-Telemetry-Role-2-2",
            "family": "TelemetryTaskDefinition",
            "id": "TelemetryTaskDefinition",
            "inference_accelerator": [],
            "ipc_mode": "",
            "memory": "512",
            "network_mode": "awsvpc",
            "pid_mode": "",
            "placement_constraints": [],
            "proxy_configuration": [],
            "requires_compatibilities": [
              "FARGATE"
            ],
            "revision": 2,
            "tags": {},
            "tags_all": {},
            "task_role_arn": "",
            "volume": []
          },
          "sensitive_attributes": [],
          "private": "eyJzY2hlbWFfdmVyc2lvbiI6IjEifQ==",
          "dependencies": [
            "aws_ecr_repository.TelemetryAppECRRepo",
            "aws_iam_role.TaskDefinition-Telemetry-Execution-Role"
          ]
        }
      ]
    },
    {
      "mode": "managed",
      "type": "aws_iam_role",
      "name": "CodeBuild-Telemetry-Role-2",
      "provider": "provider[\"registry.terraform.io/hashicorp/aws\"]",
      "instances": [
        {
          "schema_version": 0,
          "attributes": {
            "arn": "arn:aws:iam::553449525156:role/CodeBuild-Telemetry-Role-2",
            "assume_role_policy": "{\"Version\":\"2012-10-17\",\"Statement\":[{\"Sid\":\"\",\"Effect\":\"Allow\",\"Principal\":{\"Service\":\"codebuild.amazonaws.com\"},\"Action\":\"sts:AssumeRole\"}]}",
            "create_date": "2021-10-02T20:03:46Z",
            "description": "",
            "force_detach_policies": false,
            "id": "CodeBuild-Telemetry-Role-2",
            "inline_policy": [
              {
                "name": "terraform-20211002200348106500000001",
                "policy": "{\n\t\"Version\": \"2012-10-17\",\n\t\"Statement\": [{\n\t\t\t\"Effect\": \"Allow\",\n\t\t\t\"Resource\": [\n\t\t\t\t\"*\"\n\t\t\t],\n\t\t\t\"Action\": [\n\t\t\t\t\"logs:CreateLogGroup\",\n\t\t\t\t\"logs:CreateLogStream\",\n\t\t\t\t\"logs:PutLogEvents\"\n\t\t\t]\n\t\t},\n\t\t{\n\t\t\t\"Effect\": \"Allow\",\n\t\t\t\"Action\": [\n                \"logs:*\",\n\t\t\t\t\"ec2:CreateNetworkInterface\",\n        \"ec2:CreateNetworkInterfacePermission\",\n\t\t\t\t\"ec2:DescribeDhcpOptions\",\n\t\t\t\t\"ec2:DescribeNetworkInterfaces\",\n\t\t\t\t\"ec2:DeleteNetworkInterface\",\n\t\t\t\t\"ec2:DescribeSubnets\",\n\t\t\t\t\"ec2:DescribeSecurityGroups\",\n\t\t\t\t\"ec2:DescribeVpcs\",\n\t\t\t\t\"ecr:BatchCheckLayerAvailability\",\n\t\t\t\t\"ecr:CompleteLayerUpload\",\n\t\t\t\t\"ecr:GetAuthorizationToken\",\n\t\t\t\t\"ecr:InitiateLayerUpload\",\n\t\t\t\t\"ecr:PutImage\",\n\t\t\t\t\"ecr:UploadLayerPart\",\n        \"s3:*\"\n\t\t\t],\n\t\t\t\"Resource\": \"*\"\n\t\t}\n\t]\n}\n"
              }
            ],
            "managed_policy_arns": [],
            "max_session_duration": 3600,
            "name": "CodeBuild-Telemetry-Role-2",
            "name_prefix": "",
            "path": "/",
            "permissions_boundary": null,
            "tags": {},
            "tags_all": {},
            "unique_id": "AROAYBXBJR6SDJCO6YCGU"
          },
          "sensitive_attributes": [],
          "private": "bnVsbA=="
        }
      ]
    },
    {
      "mode": "managed",
      "type": "aws_iam_role",
      "name": "TaskDefinition-Telemetry-Execution-Role",
      "provider": "provider[\"registry.terraform.io/hashicorp/aws\"]",
      "instances": [
        {
          "schema_version": 0,
          "attributes": {
            "arn": "arn:aws:iam::553449525156:role/CodeBuild-Telemetry-Role-2-2",
            "assume_role_policy": "{\"Version\":\"2012-10-17\",\"Statement\":[{\"Sid\":\"\",\"Effect\":\"Allow\",\"Principal\":{\"Service\":\"ecs-tasks.amazonaws.com\"},\"Action\":\"sts:AssumeRole\"}]}",
            "create_date": "2021-10-02T20:03:45Z",
            "description": "",
            "force_detach_policies": false,
            "id": "CodeBuild-Telemetry-Role-2-2",
            "inline_policy": [
              {
                "name": "AllowECR",
                "policy": "{\"Statement\":[{\"Action\":[\"ecr:*\"],\"Effect\":\"Allow\",\"Resource\":\"*\"}],\"Version\":\"2012-10-17\"}"
              }
            ],
            "managed_policy_arns": [
              "arn:aws:iam::aws:policy/service-role/AmazonECSTaskExecutionRolePolicy"
            ],
            "max_session_duration": 3600,
            "name": "CodeBuild-Telemetry-Role-2-2",
            "name_prefix": "",
            "path": "/",
            "permissions_boundary": null,
            "tags": {},
            "tags_all": {},
            "unique_id": "AROAYBXBJR6SMPNZ7T5ZZ"
          },
          "sensitive_attributes": [],
          "private": "bnVsbA=="
        }
      ]
    },
    {
      "mode": "managed",
      "type": "aws_iam_role",
      "name": "codepipeline-telemetryapp-role",
      "provider": "provider[\"registry.terraform.io/hashicorp/aws\"]",
      "instances": [
        {
          "schema_version": 0,
          "attributes": {
            "arn": "arn:aws:iam::553449525156:role/test-role",
            "assume_role_policy": "{\"Version\":\"2012-10-17\",\"Statement\":[{\"Effect\":\"Allow\",\"Principal\":{\"Service\":\"codepipeline.amazonaws.com\"},\"Action\":\"sts:AssumeRole\"}]}",
            "create_date": "2021-10-02T19:42:43Z",
            "description": "",
            "force_detach_policies": false,
            "id": "test-role",
            "inline_policy": [
              {
                "name": "codepipeline_policy",
                "policy": "{\n  \"Version\": \"2012-10-17\",\n  \"Statement\": [\n    {\n      \"Effect\":\"Allow\",\n      \"Action\": [\n        \"s3:GetObject\",\n        \"s3:GetObjectVersion\",\n        \"s3:GetBucketVersioning\",\n        \"s3:PutObjectAcl\",\n        \"s3:PutObject\"\n      ],\n      \"Resource\": [\n        \"arn:aws:s3:::telemetry-bucket-alaa\",\n        \"arn:aws:s3:::telemetry-bucket-alaa/*\"\n      ]\n    },\n    {\n      \"Effect\": \"Allow\",\n      \"Action\": [\n        \"codebuild:BatchGetBuilds\",\n        \"codebuild:StartBuild\"\n      ],\n      \"Resource\": \"*\"\n    }\n  ]\n}\n"
              }
            ],
            "managed_policy_arns": [
              "arn:aws:iam::aws:policy/AWSCodeCommitPowerUser",
              "arn:aws:iam::aws:policy/AWSCodePipelineFullAccess"
            ],
            "max_session_duration": 3600,
            "name": "test-role",
            "name_prefix": "",
            "path": "/",
            "permissions_boundary": null,
            "tags": {},
            "tags_all": {},
            "unique_id": "AROAYBXBJR6SKM2YXUKVV"
          },
          "sensitive_attributes": [],
          "private": "bnVsbA=="
        }
      ]
    },
    {
      "mode": "managed",
      "type": "aws_iam_role_policy",
      "name": "CodeBuild-Telemetry-Policy",
      "provider": "provider[\"registry.terraform.io/hashicorp/aws\"]",
      "instances": [
        {
          "schema_version": 0,
          "attributes": {
            "id": "CodeBuild-Telemetry-Role-2:terraform-20211002200348106500000001",
            "name": "terraform-20211002200348106500000001",
            "name_prefix": null,
            "policy": "{\n\t\"Version\": \"2012-10-17\",\n\t\"Statement\": [{\n\t\t\t\"Effect\": \"Allow\",\n\t\t\t\"Resource\": [\n\t\t\t\t\"*\"\n\t\t\t],\n\t\t\t\"Action\": [\n\t\t\t\t\"logs:CreateLogGroup\",\n\t\t\t\t\"logs:CreateLogStream\",\n\t\t\t\t\"logs:PutLogEvents\"\n\t\t\t]\n\t\t},\n\t\t{\n\t\t\t\"Effect\": \"Allow\",\n\t\t\t\"Action\": [\n                \"logs:*\",\n\t\t\t\t\"ec2:CreateNetworkInterface\",\n        \"ec2:CreateNetworkInterfacePermission\",\n\t\t\t\t\"ec2:DescribeDhcpOptions\",\n\t\t\t\t\"ec2:DescribeNetworkInterfaces\",\n\t\t\t\t\"ec2:DeleteNetworkInterface\",\n\t\t\t\t\"ec2:DescribeSubnets\",\n\t\t\t\t\"ec2:DescribeSecurityGroups\",\n\t\t\t\t\"ec2:DescribeVpcs\",\n\t\t\t\t\"ecr:BatchCheckLayerAvailability\",\n\t\t\t\t\"ecr:CompleteLayerUpload\",\n\t\t\t\t\"ecr:GetAuthorizationToken\",\n\t\t\t\t\"ecr:InitiateLayerUpload\",\n\t\t\t\t\"ecr:PutImage\",\n\t\t\t\t\"ecr:UploadLayerPart\",\n        \"s3:*\"\n\t\t\t],\n\t\t\t\"Resource\": \"*\"\n\t\t}\n\t]\n}\n",
            "role": "CodeBuild-Telemetry-Role-2"
          },
          "sensitive_attributes": [],
          "private": "bnVsbA==",
          "dependencies": [
            "aws_iam_role.CodeBuild-Telemetry-Role-2"
          ]
        }
      ]
    },
    {
      "mode": "managed",
      "type": "aws_iam_role_policy",
      "name": "codepipeline_policy",
      "provider": "provider[\"registry.terraform.io/hashicorp/aws\"]",
      "instances": [
        {
          "schema_version": 0,
          "attributes": {
            "id": "test-role:codepipeline_policy",
            "name": "codepipeline_policy",
            "name_prefix": null,
            "policy": "{\n  \"Version\": \"2012-10-17\",\n  \"Statement\": [\n    {\n      \"Effect\":\"Allow\",\n      \"Action\": [\n        \"s3:GetObject\",\n        \"s3:GetObjectVersion\",\n        \"s3:GetBucketVersioning\",\n        \"s3:PutObjectAcl\",\n        \"s3:PutObject\"\n      ],\n      \"Resource\": [\n        \"arn:aws:s3:::telemetry-bucket-alaa\",\n        \"arn:aws:s3:::telemetry-bucket-alaa/*\"\n      ]\n    },\n    {\n      \"Effect\": \"Allow\",\n      \"Action\": [\n        \"codebuild:BatchGetBuilds\",\n        \"codebuild:StartBuild\"\n      ],\n      \"Resource\": \"*\"\n    }\n  ]\n}\n",
            "role": "test-role"
          },
          "sensitive_attributes": [],
          "private": "bnVsbA==",
          "dependencies": [
            "aws_s3_bucket.codepipeline_bucket-telemetry",
            "aws_iam_role.codepipeline-telemetryapp-role"
          ]
        }
      ]
    },
    {
      "mode": "managed",
      "type": "aws_s3_bucket",
      "name": "codepipeline_bucket-telemetry",
      "provider": "provider[\"registry.terraform.io/hashicorp/aws\"]",
      "instances": [
        {
          "schema_version": 0,
          "attributes": {
            "acceleration_status": "",
            "acl": "private",
            "arn": "arn:aws:s3:::telemetry-bucket-alaa",
            "bucket": "telemetry-bucket-alaa",
            "bucket_domain_name": "telemetry-bucket-alaa.s3.amazonaws.com",
            "bucket_prefix": null,
            "bucket_regional_domain_name": "telemetry-bucket-alaa.s3.eu-west-1.amazonaws.com",
            "cors_rule": [],
            "force_destroy": false,
            "grant": [],
            "hosted_zone_id": "Z1BKCTXD74EZPE",
            "id": "telemetry-bucket-alaa",
            "lifecycle_rule": [],
            "logging": [],
            "object_lock_configuration": [],
            "policy": null,
            "region": "eu-west-1",
            "replication_configuration": [],
            "request_payer": "BucketOwner",
            "server_side_encryption_configuration": [],
            "tags": {},
            "tags_all": {},
            "versioning": [
              {
                "enabled": false,
                "mfa_delete": false
              }
            ],
            "website": [],
            "website_domain": null,
            "website_endpoint": null
          },
          "sensitive_attributes": [],
          "private": "bnVsbA=="
        }
      ]
    },
    {
      "module": "module.vpc",
      "mode": "managed",
      "type": "aws_default_security_group",
      "name": "this",
      "provider": "provider[\"registry.terraform.io/hashicorp/aws\"]",
      "instances": [
        {
          "index_key": 0,
          "schema_version": 1,
          "attributes": {
            "arn": "arn:aws:ec2:eu-west-1:553449525156:security-group/sg-0ec3d2dddc10c44e0",
            "description": "default VPC security group",
            "egress": [
              {
                "cidr_blocks": [
                  "0.0.0.0/0"
                ],
                "description": "",
                "from_port": 0,
                "ipv6_cidr_blocks": [
                  "::/0"
                ],
                "prefix_list_ids": [],
                "protocol": "-1",
                "security_groups": [],
                "self": false,
                "to_port": 0
              }
            ],
            "id": "sg-0ec3d2dddc10c44e0",
            "ingress": [
              {
                "cidr_blocks": [
                  "0.0.0.0/0"
                ],
                "description": "HTTP from the Internet",
                "from_port": 80,
                "ipv6_cidr_blocks": [
                  "::/0"
                ],
                "prefix_list_ids": [],
                "protocol": "tcp",
                "security_groups": [],
                "self": false,
                "to_port": 80
              },
              {
                "cidr_blocks": [
                  "0.0.0.0/0"
                ],
                "description": "SSH from the Internet",
                "from_port": 22,
                "ipv6_cidr_blocks": [
                  "::/0"
                ],
                "prefix_list_ids": [],
                "protocol": "tcp",
                "security_groups": [],
                "self": false,
                "to_port": 22
              }
            ],
            "name": "default",
            "owner_id": "553449525156",
            "revoke_rules_on_delete": false,
            "tags": {
              "Name": "default"
            },
            "tags_all": {
              "Name": "default"
            },
            "vpc_id": "vpc-06f5d77f2d9c98da5"
          },
          "sensitive_attributes": [],
          "private": "eyJzY2hlbWFfdmVyc2lvbiI6IjEifQ==",
          "dependencies": [
            "module.vpc.aws_vpc.this"
          ]
        }
      ]
    },
    {
      "module": "module.vpc",
      "mode": "managed",
      "type": "aws_internet_gateway",
      "name": "this",
      "provider": "provider[\"registry.terraform.io/hashicorp/aws\"]",
      "instances": [
        {
          "index_key": 0,
          "schema_version": 0,
          "attributes": {
            "arn": "arn:aws:ec2:eu-west-1:553449525156:internet-gateway/igw-04ebb333db9e3d690",
            "id": "igw-04ebb333db9e3d690",
            "owner_id": "553449525156",
            "tags": {
              "Name": "Telemetry-VPC"
            },
            "tags_all": {
              "Name": "Telemetry-VPC"
            },
            "vpc_id": "vpc-06f5d77f2d9c98da5"
          },
          "sensitive_attributes": [],
          "private": "bnVsbA==",
          "dependencies": [
            "module.vpc.aws_vpc.this",
            "module.vpc.aws_vpc_ipv4_cidr_block_association.this"
          ]
        }
      ]
    },
    {
      "module": "module.vpc",
      "mode": "managed",
      "type": "aws_route",
      "name": "public_internet_gateway",
      "provider": "provider[\"registry.terraform.io/hashicorp/aws\"]",
      "instances": [
        {
          "index_key": 0,
          "schema_version": 0,
          "attributes": {
            "carrier_gateway_id": "",
            "destination_cidr_block": "0.0.0.0/0",
            "destination_ipv6_cidr_block": "",
            "destination_prefix_list_id": "",
            "egress_only_gateway_id": "",
            "gateway_id": "igw-04ebb333db9e3d690",
            "id": "r-rtb-005390c9ba70fb64c1080289494",
            "instance_id": "",
            "instance_owner_id": "",
            "local_gateway_id": "",
            "nat_gateway_id": "",
            "network_interface_id": "",
            "origin": "CreateRoute",
            "route_table_id": "rtb-005390c9ba70fb64c",
            "state": "active",
            "timeouts": {
              "create": "5m",
              "delete": null
            },
            "transit_gateway_id": "",
            "vpc_endpoint_id": "",
            "vpc_peering_connection_id": ""
          },
          "sensitive_attributes": [],
          "private": "eyJlMmJmYjczMC1lY2FhLTExZTYtOGY4OC0zNDM2M2JjN2M0YzAiOnsiY3JlYXRlIjozMDAwMDAwMDAwMDAsImRlbGV0ZSI6MzAwMDAwMDAwMDAwfX0=",
          "dependencies": [
            "module.vpc.aws_internet_gateway.this",
            "module.vpc.aws_route_table.public",
            "module.vpc.aws_vpc.this",
            "module.vpc.aws_vpc_ipv4_cidr_block_association.this"
          ]
        }
      ]
    },
    {
      "module": "module.vpc",
      "mode": "managed",
      "type": "aws_route_table",
      "name": "public",
      "provider": "provider[\"registry.terraform.io/hashicorp/aws\"]",
      "instances": [
        {
          "index_key": 0,
          "schema_version": 0,
          "attributes": {
            "arn": "arn:aws:ec2:eu-west-1:553449525156:route-table/rtb-005390c9ba70fb64c",
            "id": "rtb-005390c9ba70fb64c",
            "owner_id": "553449525156",
            "propagating_vgws": [],
            "route": [
              {
                "carrier_gateway_id": "",
                "cidr_block": "0.0.0.0/0",
                "destination_prefix_list_id": "",
                "egress_only_gateway_id": "",
                "gateway_id": "igw-04ebb333db9e3d690",
                "instance_id": "",
                "ipv6_cidr_block": "",
                "local_gateway_id": "",
                "nat_gateway_id": "",
                "network_interface_id": "",
                "transit_gateway_id": "",
                "vpc_endpoint_id": "",
                "vpc_peering_connection_id": ""
              }
            ],
            "tags": {
              "Name": "Telemetry-VPC-public"
            },
            "tags_all": {
              "Name": "Telemetry-VPC-public"
            },
            "vpc_id": "vpc-06f5d77f2d9c98da5"
          },
          "sensitive_attributes": [],
          "private": "bnVsbA==",
          "dependencies": [
            "module.vpc.aws_vpc.this",
            "module.vpc.aws_vpc_ipv4_cidr_block_association.this"
          ]
        }
      ]
    },
    {
      "module": "module.vpc",
      "mode": "managed",
      "type": "aws_route_table_association",
      "name": "public",
      "provider": "provider[\"registry.terraform.io/hashicorp/aws\"]",
      "instances": [
        {
          "index_key": 0,
          "schema_version": 0,
          "attributes": {
            "gateway_id": "",
            "id": "rtbassoc-0bcdc886747fdb20b",
            "route_table_id": "rtb-005390c9ba70fb64c",
            "subnet_id": "subnet-064d8a3a78d64d06f"
          },
          "sensitive_attributes": [],
          "private": "bnVsbA==",
          "dependencies": [
            "module.vpc.aws_route_table.public",
            "module.vpc.aws_subnet.public",
            "module.vpc.aws_vpc.this",
            "module.vpc.aws_vpc_ipv4_cidr_block_association.this"
          ]
        },
        {
          "index_key": 1,
          "schema_version": 0,
          "attributes": {
            "gateway_id": "",
            "id": "rtbassoc-00c10d18c0b1ea798",
            "route_table_id": "rtb-005390c9ba70fb64c",
            "subnet_id": "subnet-0af9488ce68ce933d"
          },
          "sensitive_attributes": [],
          "private": "bnVsbA==",
          "dependencies": [
            "module.vpc.aws_route_table.public",
            "module.vpc.aws_subnet.public",
            "module.vpc.aws_vpc.this",
            "module.vpc.aws_vpc_ipv4_cidr_block_association.this"
          ]
        },
        {
          "index_key": 2,
          "schema_version": 0,
          "attributes": {
            "gateway_id": "",
            "id": "rtbassoc-0e7267ac435b9fe50",
            "route_table_id": "rtb-005390c9ba70fb64c",
            "subnet_id": "subnet-0c94aec194d56e779"
          },
          "sensitive_attributes": [],
          "private": "bnVsbA==",
          "dependencies": [
            "module.vpc.aws_subnet.public",
            "module.vpc.aws_vpc.this",
            "module.vpc.aws_vpc_ipv4_cidr_block_association.this",
            "module.vpc.aws_route_table.public"
          ]
        }
      ]
    },
    {
      "module": "module.vpc",
      "mode": "managed",
      "type": "aws_subnet",
      "name": "public",
      "provider": "provider[\"registry.terraform.io/hashicorp/aws\"]",
      "instances": [
        {
          "index_key": 0,
          "schema_version": 1,
          "attributes": {
            "arn": "arn:aws:ec2:eu-west-1:553449525156:subnet/subnet-064d8a3a78d64d06f",
            "assign_ipv6_address_on_creation": false,
            "availability_zone": "eu-west-1a",
            "availability_zone_id": "euw1-az1",
            "cidr_block": "10.0.101.0/24",
            "customer_owned_ipv4_pool": "",
            "id": "subnet-064d8a3a78d64d06f",
            "ipv6_cidr_block": "",
            "ipv6_cidr_block_association_id": "",
            "map_customer_owned_ip_on_launch": false,
            "map_public_ip_on_launch": true,
            "outpost_arn": "",
            "owner_id": "553449525156",
            "tags": {
              "Name": "Telemetry-VPC-public-eu-west-1a"
            },
            "tags_all": {
              "Name": "Telemetry-VPC-public-eu-west-1a"
            },
            "timeouts": null,
            "vpc_id": "vpc-06f5d77f2d9c98da5"
          },
          "sensitive_attributes": [],
          "private": "eyJlMmJmYjczMC1lY2FhLTExZTYtOGY4OC0zNDM2M2JjN2M0YzAiOnsiY3JlYXRlIjo2MDAwMDAwMDAwMDAsImRlbGV0ZSI6MTIwMDAwMDAwMDAwMH0sInNjaGVtYV92ZXJzaW9uIjoiMSJ9",
          "dependencies": [
            "module.vpc.aws_vpc.this",
            "module.vpc.aws_vpc_ipv4_cidr_block_association.this"
          ]
        },
        {
          "index_key": 1,
          "schema_version": 1,
          "attributes": {
            "arn": "arn:aws:ec2:eu-west-1:553449525156:subnet/subnet-0af9488ce68ce933d",
            "assign_ipv6_address_on_creation": false,
            "availability_zone": "eu-west-1b",
            "availability_zone_id": "euw1-az2",
            "cidr_block": "10.0.102.0/24",
            "customer_owned_ipv4_pool": "",
            "id": "subnet-0af9488ce68ce933d",
            "ipv6_cidr_block": "",
            "ipv6_cidr_block_association_id": "",
            "map_customer_owned_ip_on_launch": false,
            "map_public_ip_on_launch": true,
            "outpost_arn": "",
            "owner_id": "553449525156",
            "tags": {
              "Name": "Telemetry-VPC-public-eu-west-1b"
            },
            "tags_all": {
              "Name": "Telemetry-VPC-public-eu-west-1b"
            },
            "timeouts": null,
            "vpc_id": "vpc-06f5d77f2d9c98da5"
          },
          "sensitive_attributes": [],
          "private": "eyJlMmJmYjczMC1lY2FhLTExZTYtOGY4OC0zNDM2M2JjN2M0YzAiOnsiY3JlYXRlIjo2MDAwMDAwMDAwMDAsImRlbGV0ZSI6MTIwMDAwMDAwMDAwMH0sInNjaGVtYV92ZXJzaW9uIjoiMSJ9",
          "dependencies": [
            "module.vpc.aws_vpc.this",
            "module.vpc.aws_vpc_ipv4_cidr_block_association.this"
          ]
        },
        {
          "index_key": 2,
          "schema_version": 1,
          "attributes": {
            "arn": "arn:aws:ec2:eu-west-1:553449525156:subnet/subnet-0c94aec194d56e779",
            "assign_ipv6_address_on_creation": false,
            "availability_zone": "eu-west-1c",
            "availability_zone_id": "euw1-az3",
            "cidr_block": "10.0.103.0/24",
            "customer_owned_ipv4_pool": "",
            "id": "subnet-0c94aec194d56e779",
            "ipv6_cidr_block": "",
            "ipv6_cidr_block_association_id": "",
            "map_customer_owned_ip_on_launch": false,
            "map_public_ip_on_launch": true,
            "outpost_arn": "",
            "owner_id": "553449525156",
            "tags": {
              "Name": "Telemetry-VPC-public-eu-west-1c"
            },
            "tags_all": {
              "Name": "Telemetry-VPC-public-eu-west-1c"
            },
            "timeouts": null,
            "vpc_id": "vpc-06f5d77f2d9c98da5"
          },
          "sensitive_attributes": [],
          "private": "eyJlMmJmYjczMC1lY2FhLTExZTYtOGY4OC0zNDM2M2JjN2M0YzAiOnsiY3JlYXRlIjo2MDAwMDAwMDAwMDAsImRlbGV0ZSI6MTIwMDAwMDAwMDAwMH0sInNjaGVtYV92ZXJzaW9uIjoiMSJ9",
          "dependencies": [
            "module.vpc.aws_vpc_ipv4_cidr_block_association.this",
            "module.vpc.aws_vpc.this"
          ]
        }
      ]
    },
    {
      "module": "module.vpc",
      "mode": "managed",
      "type": "aws_vpc",
      "name": "this",
      "provider": "provider[\"registry.terraform.io/hashicorp/aws\"]",
      "instances": [
        {
          "index_key": 0,
          "schema_version": 1,
          "attributes": {
            "arn": "arn:aws:ec2:eu-west-1:553449525156:vpc/vpc-06f5d77f2d9c98da5",
            "assign_generated_ipv6_cidr_block": false,
            "cidr_block": "10.0.0.0/16",
            "default_network_acl_id": "acl-0a407d3060a17f385",
            "default_route_table_id": "rtb-0b4f45aaef803f3c8",
            "default_security_group_id": "sg-0ec3d2dddc10c44e0",
            "dhcp_options_id": "dopt-88b7faee",
            "enable_classiclink": false,
            "enable_classiclink_dns_support": false,
            "enable_dns_hostnames": false,
            "enable_dns_support": true,
            "id": "vpc-06f5d77f2d9c98da5",
            "instance_tenancy": "default",
            "ipv6_association_id": "",
            "ipv6_cidr_block": "",
            "main_route_table_id": "rtb-0b4f45aaef803f3c8",
            "owner_id": "553449525156",
            "tags": {
              "Name": "Telemetry-VPC"
            },
            "tags_all": {
              "Name": "Telemetry-VPC"
            }
          },
          "sensitive_attributes": [],
          "private": "eyJzY2hlbWFfdmVyc2lvbiI6IjEifQ=="
        }
      ]
    }
  ]
}
